
Microsoft Visual Studio Solution File, Format Version 12.00
# Visual Studio Version 16
VisualStudioVersion = 16.0.31205.134
MinimumVisualStudioVersion = 10.0.40219.1
Project("{9A19103F-16F7-4668-BE54-9A1E7A4F7556}") = "DevFreela.API", "DevFreela.API\DevFreela.API.csproj", "{CFDFEBEC-99B4-42EB-BD69-829DFDCD762B}"
EndProject
Project("{9A19103F-16F7-4668-BE54-9A1E7A4F7556}") = "DevFreela.Core", "DevFreela.Core\DevFreela.Core.csproj", "{BEF253AF-FC10-451C-8E93-E9349FB4B79A}"
EndProject
Project("{9A19103F-16F7-4668-BE54-9A1E7A4F7556}") = "DevFreela.Insfrastructure", "DevFreela.Insfrastructure\DevFreela.Insfrastructure.csproj", "{6F6A0506-7EB3-46E5-8739-CF209F94CC09}"
EndProject
Project("{9A19103F-16F7-4668-BE54-9A1E7A4F7556}") = "DevFreela.Application", "DevFreela.Application\DevFreela.Application.csproj", "{81589D9E-51B0-415C-8F94-7AF791B03845}"
EndProject
Project("{FAE04EC0-301F-11D3-BF4B-00C04F79EFBC}") = "DevFreela.UnitTests", "DevFreela.UnitTests\DevFreela.UnitTests.csproj", "{E8143174-0A8E-410B-A586-61F03E6F63E3}"
EndProject
Global
	GlobalSection(SolutionConfigurationPlatforms) = preSolution
		Debug|Any CPU = Debug|Any CPU
		Release|Any CPU = Release|Any CPU
	EndGlobalSection
	GlobalSection(ProjectConfigurationPlatforms) = postSolution
		{CFDFEBEC-99B4-42EB-BD69-829DFDCD762B}.Debug|Any CPU.ActiveCfg = Debug|Any CPU
		{CFDFEBEC-99B4-42EB-BD69-829DFDCD762B}.Debug|Any CPU.Build.0 = Debug|Any CPU
		{CFDFEBEC-99B4-42EB-BD69-829DFDCD762B}.Release|Any CPU.ActiveCfg = Release|Any CPU
		{CFDFEBEC-99B4-42EB-BD69-829DFDCD762B}.Release|Any CPU.Build.0 = Release|Any CPU
		{BEF253AF-FC10-451C-8E93-E9349FB4B79A}.Debug|Any CPU.ActiveCfg = Debug|Any CPU
		{BEF253AF-FC10-451C-8E93-E9349FB4B79A}.Debug|Any CPU.Build.0 = Debug|Any CPU
		{BEF253AF-FC10-451C-8E93-E9349FB4B79A}.Release|Any CPU.ActiveCfg = Release|Any CPU
		{BEF253AF-FC10-451C-8E93-E9349FB4B79A}.Release|Any CPU.Build.0 = Release|Any CPU
		{6F6A0506-7EB3-46E5-8739-CF209F94CC09}.Debug|Any CPU.ActiveCfg = Debug|Any CPU
		{6F6A0506-7EB3-46E5-8739-CF209F94CC09}.Debug|Any CPU.Build.0 = Debug|Any CPU
		{6F6A0506-7EB3-46E5-8739-CF209F94CC09}.Release|Any CPU.ActiveCfg = Release|Any CPU
		{6F6A0506-7EB3-46E5-8739-CF209F94CC09}.Release|Any CPU.Build.0 = Release|Any CPU
		{81589D9E-51B0-415C-8F94-7AF791B03845}.Debug|Any CPU.ActiveCfg = Debug|Any CPU
		{81589D9E-51B0-415C-8F94-7AF791B03845}.Debug|Any CPU.Build.0 = Debug|Any CPU
		{81589D9E-51B0-415C-8F94-7AF791B03845}.Release|Any CPU.ActiveCfg = Release|Any CPU
		{81589D9E-51B0-415C-8F94-7AF791B03845}.Release|Any CPU.Build.0 = Release|Any CPU
		{E8143174-0A8E-410B-A586-61F03E6F63E3}.Debug|Any CPU.ActiveCfg = Debug|Any CPU
		{E8143174-0A8E-410B-A586-61F03E6F63E3}.Debug|Any CPU.Build.0 = Debug|Any CPU
		{E8143174-0A8E-410B-A586-61F03E6F63E3}.Release|Any CPU.ActiveCfg = Release|Any CPU
		{E8143174-0A8E-410B-A586-61F03E6F63E3}.Release|Any CPU.Build.0 = Release|Any CPU
	EndGlobalSection
	GlobalSection(SolutionProperties) = preSolution
		HideSolutionNode = FALSE
	EndGlobalSection
	GlobalSection(ExtensibilityGlobals) = postSolution
		SolutionGuid = {D061605B-8FE7-4227-9513-8D7D84570CAC}
	EndGlobalSection
EndGlobal
